
Microsoft Visual Studio Solution File, Format Version 12.00
# Visual Studio 15
Project("{FAE04EC0-301F-11D3-BF4B-00C04F79EFBC}") = "Assembly-CSharp", "Assembly-CSharp.csproj", "{2783305C-0A08-AF1C-9F8D-8D5C5B640274}"
EndProject
Global
	GlobalSection(SolutionConfigurationPlatforms) = preSolution
		Debug|Any CPU = Debug|Any CPU
		Release|Any CPU = Release|Any CPU
	EndGlobalSection
	GlobalSection(ProjectConfigurationPlatforms) = postSolution
		{2783305C-0A08-AF1C-9F8D-8D5C5B640274}.Debug|Any CPU.ActiveCfg = Debug|Any CPU
		{2783305C-0A08-AF1C-9F8D-8D5C5B640274}.Debug|Any CPU.Build.0 = Debug|Any CPU
		{2783305C-0A08-AF1C-9F8D-8D5C5B640274}.Release|Any CPU.ActiveCfg = Release|Any CPU
		{2783305C-0A08-AF1C-9F8D-8D5C5B640274}.Release|Any CPU.Build.0 = Release|Any CPU
	EndGlobalSection
	GlobalSection(SolutionProperties) = preSolution
		HideSolutionNode = FALSE
	EndGlobalSection
EndGlobal
